
Microsoft Visual Studio Solution File, Format Version 12.00
# Visual Studio Version 16
VisualStudioVersion = 16.0.32002.261
MinimumVisualStudioVersion = 10.0.40219.1
Project("{FAE04EC0-301F-11D3-BF4B-00C04F79EFBC}") = "Game_Con_Ong", "Game_Con_Ong\Game_Con_Ong.csproj", "{2C8444CE-E490-459C-ABCE-A2A03A30BC4B}"
EndProject
Global
	GlobalSection(SolutionConfigurationPlatforms) = preSolution
		Debug|Any CPU = Debug|Any CPU
		Release|Any CPU = Release|Any CPU
	EndGlobalSection
	GlobalSection(ProjectConfigurationPlatforms) = postSolution
		{2C8444CE-E490-459C-ABCE-A2A03A30BC4B}.Debug|Any CPU.ActiveCfg = Debug|Any CPU
		{2C8444CE-E490-459C-ABCE-A2A03A30BC4B}.Debug|Any CPU.Build.0 = Debug|Any CPU
		{2C8444CE-E490-459C-ABCE-A2A03A30BC4B}.Release|Any CPU.ActiveCfg = Release|Any CPU
		{2C8444CE-E490-459C-ABCE-A2A03A30BC4B}.Release|Any CPU.Build.0 = Release|Any CPU
	EndGlobalSection
	GlobalSection(SolutionProperties) = preSolution
		HideSolutionNode = FALSE
	EndGlobalSection
	GlobalSection(ExtensibilityGlobals) = postSolution
		SolutionGuid = {C7A19167-0EA6-4CF7-A0A8-D750AA43B45A}
	EndGlobalSection
EndGlobal
